
Microsoft Visual Studio Solution File, Format Version 12.00
# Visual Studio 15
VisualStudioVersion = 15.0.26228.9
MinimumVisualStudioVersion = 10.0.40219.1
Project("{FAE04EC0-301F-11D3-BF4B-00C04F79EFBC}") = "Web_App", "Web_App\Web_App.csproj", "{C688923A-71EC-4D62-B90C-71FC8C007589}"
EndProject
Project("{FAE04EC0-301F-11D3-BF4B-00C04F79EFBC}") = "Main_Web_Api", "Main_Web_Api\Main_Web_Api.csproj", "{6488304C-146D-4198-8A9F-D15803144F7F}"
EndProject
Global
	GlobalSection(SolutionConfigurationPlatforms) = preSolution
		Debug|Any CPU = Debug|Any CPU
		Release|Any CPU = Release|Any CPU
	EndGlobalSection
	GlobalSection(ProjectConfigurationPlatforms) = postSolution
		{C688923A-71EC-4D62-B90C-71FC8C007589}.Debug|Any CPU.ActiveCfg = Debug|Any CPU
		{C688923A-71EC-4D62-B90C-71FC8C007589}.Debug|Any CPU.Build.0 = Debug|Any CPU
		{C688923A-71EC-4D62-B90C-71FC8C007589}.Release|Any CPU.ActiveCfg = Release|Any CPU
		{C688923A-71EC-4D62-B90C-71FC8C007589}.Release|Any CPU.Build.0 = Release|Any CPU
		{6488304C-146D-4198-8A9F-D15803144F7F}.Debug|Any CPU.ActiveCfg = Debug|Any CPU
		{6488304C-146D-4198-8A9F-D15803144F7F}.Debug|Any CPU.Build.0 = Debug|Any CPU
		{6488304C-146D-4198-8A9F-D15803144F7F}.Release|Any CPU.ActiveCfg = Release|Any CPU
		{6488304C-146D-4198-8A9F-D15803144F7F}.Release|Any CPU.Build.0 = Release|Any CPU
	EndGlobalSection
	GlobalSection(SolutionProperties) = preSolution
		HideSolutionNode = FALSE
	EndGlobalSection
EndGlobal
